
Microsoft Visual Studio Solution File, Format Version 12.00
# Visual Studio Version 17
VisualStudioVersion = 17.6.33829.357
MinimumVisualStudioVersion = 10.0.40219.1
Project("{9A19103F-16F7-4668-BE54-9A1E7A4F7556}") = "ServiceLibrary", "ServiceLibrary\ServiceLibrary.csproj", "{C866580D-9446-4DD9-92D8-809951CF9E42}"
EndProject
Project("{9A19103F-16F7-4668-BE54-9A1E7A4F7556}") = "SnapshotUtil", "SnapshotUtil\SnapshotUtil.csproj", "{92F4429C-0820-4E03-8ED5-591C3965DA8B}"
EndProject
Project("{FAE04EC0-301F-11D3-BF4B-00C04F79EFBC}") = "ServiceLibraryUnitTests", "TestProject1\ServiceLibraryUnitTests.csproj", "{04C58683-7CE6-4991-A2E8-D3050C75271A}"
EndProject
Global
	GlobalSection(SolutionConfigurationPlatforms) = preSolution
		Debug|Any CPU = Debug|Any CPU
		Release|Any CPU = Release|Any CPU
	EndGlobalSection
	GlobalSection(ProjectConfigurationPlatforms) = postSolution
		{C866580D-9446-4DD9-92D8-809951CF9E42}.Debug|Any CPU.ActiveCfg = Debug|Any CPU
		{C866580D-9446-4DD9-92D8-809951CF9E42}.Debug|Any CPU.Build.0 = Debug|Any CPU
		{C866580D-9446-4DD9-92D8-809951CF9E42}.Release|Any CPU.ActiveCfg = Release|Any CPU
		{C866580D-9446-4DD9-92D8-809951CF9E42}.Release|Any CPU.Build.0 = Release|Any CPU
		{92F4429C-0820-4E03-8ED5-591C3965DA8B}.Debug|Any CPU.ActiveCfg = Debug|Any CPU
		{92F4429C-0820-4E03-8ED5-591C3965DA8B}.Debug|Any CPU.Build.0 = Debug|Any CPU
		{92F4429C-0820-4E03-8ED5-591C3965DA8B}.Release|Any CPU.ActiveCfg = Release|Any CPU
		{92F4429C-0820-4E03-8ED5-591C3965DA8B}.Release|Any CPU.Build.0 = Release|Any CPU
		{04C58683-7CE6-4991-A2E8-D3050C75271A}.Debug|Any CPU.ActiveCfg = Debug|Any CPU
		{04C58683-7CE6-4991-A2E8-D3050C75271A}.Debug|Any CPU.Build.0 = Debug|Any CPU
		{04C58683-7CE6-4991-A2E8-D3050C75271A}.Release|Any CPU.ActiveCfg = Release|Any CPU
		{04C58683-7CE6-4991-A2E8-D3050C75271A}.Release|Any CPU.Build.0 = Release|Any CPU
	EndGlobalSection
	GlobalSection(SolutionProperties) = preSolution
		HideSolutionNode = FALSE
	EndGlobalSection
	GlobalSection(ExtensibilityGlobals) = postSolution
		SolutionGuid = {EF14877F-D73E-46F4-9713-E58DA5DDDA37}
	EndGlobalSection
EndGlobal
